
Microsoft Visual Studio Solution File, Format Version 12.00
# Visual Studio Version 16
VisualStudioVersion = 16.0.29123.88
MinimumVisualStudioVersion = 10.0.40219.1
Project("{FAE04EC0-301F-11D3-BF4B-00C04F79EFBC}") = "sweepstakes", "sweepstakes\sweepstakes.csproj", "{E1BB297D-E008-4513-BA33-2A9A48709F42}"
EndProject
Global
	GlobalSection(SolutionConfigurationPlatforms) = preSolution
		Debug|Any CPU = Debug|Any CPU
		Release|Any CPU = Release|Any CPU
	EndGlobalSection
	GlobalSection(ProjectConfigurationPlatforms) = postSolution
		{E1BB297D-E008-4513-BA33-2A9A48709F42}.Debug|Any CPU.ActiveCfg = Debug|Any CPU
		{E1BB297D-E008-4513-BA33-2A9A48709F42}.Debug|Any CPU.Build.0 = Debug|Any CPU
		{E1BB297D-E008-4513-BA33-2A9A48709F42}.Release|Any CPU.ActiveCfg = Release|Any CPU
		{E1BB297D-E008-4513-BA33-2A9A48709F42}.Release|Any CPU.Build.0 = Release|Any CPU
	EndGlobalSection
	GlobalSection(SolutionProperties) = preSolution
		HideSolutionNode = FALSE
	EndGlobalSection
	GlobalSection(ExtensibilityGlobals) = postSolution
		SolutionGuid = {C770D893-1B73-49F7-99FC-4CA045FD44B1}
	EndGlobalSection
EndGlobal
